
Microsoft Visual Studio Solution File, Format Version 12.00
# Visual Studio Version 17
VisualStudioVersion = 17.3.32819.101
MinimumVisualStudioVersion = 10.0.40219.1
Project("{9A19103F-16F7-4668-BE54-9A1E7A4F7556}") = "Aula 01 - 02", "Aula 01\Aula 01 - 02.csproj", "{D5741B34-27BE-4D3E-AA90-30F371CE30AA}"
EndProject
Project("{2150E333-8FDC-42A3-9474-1A3956D46DE8}") = "Aula 01 e 02", "Aula 01 e 02", "{309335A6-D546-4302-9E51-C8786ADD11F5}"
EndProject
Project("{2150E333-8FDC-42A3-9474-1A3956D46DE8}") = "Aula 03", "Aula 03", "{610A4EC1-6745-4278-816F-DE8312742CEB}"
EndProject
Project("{9A19103F-16F7-4668-BE54-9A1E7A4F7556}") = "Aula 03", "Aula 03\Aula 03.csproj", "{C42C2CDB-5697-4FDD-9F32-0FC0AEAE6CF7}"
EndProject
Project("{2150E333-8FDC-42A3-9474-1A3956D46DE8}") = "Aula 03 - Exercício", "Aula 03 - Exercício", "{6385A49C-103C-444D-90F6-CBD0EF4516D0}"
EndProject
Project("{9A19103F-16F7-4668-BE54-9A1E7A4F7556}") = "Aula 03 - Exercicio", "Aula 03 - Exercicio\Aula 03 - Exercicio.csproj", "{A0DD1413-1034-4C1A-9AB7-E7147F5B0578}"
EndProject
Project("{9A19103F-16F7-4668-BE54-9A1E7A4F7556}") = "Aula 03 Core", "Aula 03 Core\Aula 03 Core.csproj", "{CA2FE065-6D03-438A-8A6A-281ED5C6CBC4}"
EndProject
Project("{FAE04EC0-301F-11D3-BF4B-00C04F79EFBC}") = "Aula 03 Infra Data", "Aula 03 Infra Data\Aula 03 Infra Data.csproj", "{2EB97869-FA03-4D29-8175-220C3DB26538}"
EndProject
Global
	GlobalSection(SolutionConfigurationPlatforms) = preSolution
		Debug|Any CPU = Debug|Any CPU
		Release|Any CPU = Release|Any CPU
	EndGlobalSection
	GlobalSection(ProjectConfigurationPlatforms) = postSolution
		{D5741B34-27BE-4D3E-AA90-30F371CE30AA}.Debug|Any CPU.ActiveCfg = Debug|Any CPU
		{D5741B34-27BE-4D3E-AA90-30F371CE30AA}.Debug|Any CPU.Build.0 = Debug|Any CPU
		{D5741B34-27BE-4D3E-AA90-30F371CE30AA}.Release|Any CPU.ActiveCfg = Release|Any CPU
		{D5741B34-27BE-4D3E-AA90-30F371CE30AA}.Release|Any CPU.Build.0 = Release|Any CPU
		{C42C2CDB-5697-4FDD-9F32-0FC0AEAE6CF7}.Debug|Any CPU.ActiveCfg = Debug|Any CPU
		{C42C2CDB-5697-4FDD-9F32-0FC0AEAE6CF7}.Debug|Any CPU.Build.0 = Debug|Any CPU
		{C42C2CDB-5697-4FDD-9F32-0FC0AEAE6CF7}.Release|Any CPU.ActiveCfg = Release|Any CPU
		{C42C2CDB-5697-4FDD-9F32-0FC0AEAE6CF7}.Release|Any CPU.Build.0 = Release|Any CPU
		{A0DD1413-1034-4C1A-9AB7-E7147F5B0578}.Debug|Any CPU.ActiveCfg = Debug|Any CPU
		{A0DD1413-1034-4C1A-9AB7-E7147F5B0578}.Debug|Any CPU.Build.0 = Debug|Any CPU
		{A0DD1413-1034-4C1A-9AB7-E7147F5B0578}.Release|Any CPU.ActiveCfg = Release|Any CPU
		{A0DD1413-1034-4C1A-9AB7-E7147F5B0578}.Release|Any CPU.Build.0 = Release|Any CPU
		{CA2FE065-6D03-438A-8A6A-281ED5C6CBC4}.Debug|Any CPU.ActiveCfg = Debug|Any CPU
		{CA2FE065-6D03-438A-8A6A-281ED5C6CBC4}.Debug|Any CPU.Build.0 = Debug|Any CPU
		{CA2FE065-6D03-438A-8A6A-281ED5C6CBC4}.Release|Any CPU.ActiveCfg = Release|Any CPU
		{CA2FE065-6D03-438A-8A6A-281ED5C6CBC4}.Release|Any CPU.Build.0 = Release|Any CPU
		{2EB97869-FA03-4D29-8175-220C3DB26538}.Debug|Any CPU.ActiveCfg = Debug|Any CPU
		{2EB97869-FA03-4D29-8175-220C3DB26538}.Debug|Any CPU.Build.0 = Debug|Any CPU
		{2EB97869-FA03-4D29-8175-220C3DB26538}.Release|Any CPU.ActiveCfg = Release|Any CPU
		{2EB97869-FA03-4D29-8175-220C3DB26538}.Release|Any CPU.Build.0 = Release|Any CPU
	EndGlobalSection
	GlobalSection(SolutionProperties) = preSolution
		HideSolutionNode = FALSE
	EndGlobalSection
	GlobalSection(NestedProjects) = preSolution
		{D5741B34-27BE-4D3E-AA90-30F371CE30AA} = {309335A6-D546-4302-9E51-C8786ADD11F5}
		{C42C2CDB-5697-4FDD-9F32-0FC0AEAE6CF7} = {610A4EC1-6745-4278-816F-DE8312742CEB}
		{A0DD1413-1034-4C1A-9AB7-E7147F5B0578} = {6385A49C-103C-444D-90F6-CBD0EF4516D0}
		{CA2FE065-6D03-438A-8A6A-281ED5C6CBC4} = {610A4EC1-6745-4278-816F-DE8312742CEB}
		{2EB97869-FA03-4D29-8175-220C3DB26538} = {610A4EC1-6745-4278-816F-DE8312742CEB}
	EndGlobalSection
	GlobalSection(ExtensibilityGlobals) = postSolution
		SolutionGuid = {49FC6F0C-2841-4082-97D6-C387CF16285A}
	EndGlobalSection
EndGlobal
