
Microsoft Visual Studio Solution File, Format Version 12.00
# Visual Studio Version 17
VisualStudioVersion = 17.3.32819.101
MinimumVisualStudioVersion = 10.0.40219.1
Project("{9A19103F-16F7-4668-BE54-9A1E7A4F7556}") = "Aula 01", "Aula 01\Aula 01.csproj", "{D5741B34-27BE-4D3E-AA90-30F371CE30AA}"
EndProject
Project("{FAE04EC0-301F-11D3-BF4B-00C04F79EFBC}") = "Aula 02", "Aula 02\Aula 02.csproj", "{094D527D-EFC8-4D24-B055-E91965F719CB}"
EndProject
Global
	GlobalSection(SolutionConfigurationPlatforms) = preSolution
		Debug|Any CPU = Debug|Any CPU
		Release|Any CPU = Release|Any CPU
	EndGlobalSection
	GlobalSection(ProjectConfigurationPlatforms) = postSolution
		{D5741B34-27BE-4D3E-AA90-30F371CE30AA}.Debug|Any CPU.ActiveCfg = Debug|Any CPU
		{D5741B34-27BE-4D3E-AA90-30F371CE30AA}.Debug|Any CPU.Build.0 = Debug|Any CPU
		{D5741B34-27BE-4D3E-AA90-30F371CE30AA}.Release|Any CPU.ActiveCfg = Release|Any CPU
		{D5741B34-27BE-4D3E-AA90-30F371CE30AA}.Release|Any CPU.Build.0 = Release|Any CPU
		{094D527D-EFC8-4D24-B055-E91965F719CB}.Debug|Any CPU.ActiveCfg = Debug|Any CPU
		{094D527D-EFC8-4D24-B055-E91965F719CB}.Debug|Any CPU.Build.0 = Debug|Any CPU
		{094D527D-EFC8-4D24-B055-E91965F719CB}.Release|Any CPU.ActiveCfg = Release|Any CPU
		{094D527D-EFC8-4D24-B055-E91965F719CB}.Release|Any CPU.Build.0 = Release|Any CPU
	EndGlobalSection
	GlobalSection(SolutionProperties) = preSolution
		HideSolutionNode = FALSE
	EndGlobalSection
	GlobalSection(ExtensibilityGlobals) = postSolution
		SolutionGuid = {49FC6F0C-2841-4082-97D6-C387CF16285A}
	EndGlobalSection
EndGlobal
